
Microsoft Visual Studio Solution File, Format Version 12.00
# Visual Studio Version 17
VisualStudioVersion = 17.14.36127.28 d17.14
MinimumVisualStudioVersion = 10.0.40219.1
Project("{FAE04EC0-301F-11D3-BF4B-00C04F79EFBC}") = "SoDeQuestoes.Domain", "SoDeQuestoes.Domain\SoDeQuestoes.Domain.csproj", "{37812EA4-8FF8-4D30-8AB7-974395CACB78}"
EndProject
Project("{FAE04EC0-301F-11D3-BF4B-00C04F79EFBC}") = "SoDeQuestoes.Application", "SoDeQuestoes.Application\SoDeQuestoes.Application.csproj", "{479E4A58-D5F5-4BD7-B97D-15676C3278F5}"
EndProject
Project("{FAE04EC0-301F-11D3-BF4B-00C04F79EFBC}") = "SoDeQuestoes.Infrastructure", "SoDeQuestoes.Infrastructure\SoDeQuestoes.Infrastructure.csproj", "{F2F6F769-549E-4EBE-B9EC-84E46BC5A364}"
EndProject
Project("{FAE04EC0-301F-11D3-BF4B-00C04F79EFBC}") = "SoDeQuestoes.API", "SoDeQuestoes.API\SoDeQuestoes.API.csproj", "{A8521B3D-F590-499D-BE4B-AA6A5F7ABE1B}"
EndProject
Global
	GlobalSection(SolutionConfigurationPlatforms) = preSolution
		Debug|Any CPU = Debug|Any CPU
		Release|Any CPU = Release|Any CPU
	EndGlobalSection
	GlobalSection(ProjectConfigurationPlatforms) = postSolution
		{37812EA4-8FF8-4D30-8AB7-974395CACB78}.Debug|Any CPU.ActiveCfg = Debug|Any CPU
		{37812EA4-8FF8-4D30-8AB7-974395CACB78}.Debug|Any CPU.Build.0 = Debug|Any CPU
		{37812EA4-8FF8-4D30-8AB7-974395CACB78}.Release|Any CPU.ActiveCfg = Release|Any CPU
		{37812EA4-8FF8-4D30-8AB7-974395CACB78}.Release|Any CPU.Build.0 = Release|Any CPU
		{479E4A58-D5F5-4BD7-B97D-15676C3278F5}.Debug|Any CPU.ActiveCfg = Debug|Any CPU
		{479E4A58-D5F5-4BD7-B97D-15676C3278F5}.Debug|Any CPU.Build.0 = Debug|Any CPU
		{479E4A58-D5F5-4BD7-B97D-15676C3278F5}.Release|Any CPU.ActiveCfg = Release|Any CPU
		{479E4A58-D5F5-4BD7-B97D-15676C3278F5}.Release|Any CPU.Build.0 = Release|Any CPU
		{F2F6F769-549E-4EBE-B9EC-84E46BC5A364}.Debug|Any CPU.ActiveCfg = Debug|Any CPU
		{F2F6F769-549E-4EBE-B9EC-84E46BC5A364}.Debug|Any CPU.Build.0 = Debug|Any CPU
		{F2F6F769-549E-4EBE-B9EC-84E46BC5A364}.Release|Any CPU.ActiveCfg = Release|Any CPU
		{F2F6F769-549E-4EBE-B9EC-84E46BC5A364}.Release|Any CPU.Build.0 = Release|Any CPU
		{A8521B3D-F590-499D-BE4B-AA6A5F7ABE1B}.Debug|Any CPU.ActiveCfg = Debug|Any CPU
		{A8521B3D-F590-499D-BE4B-AA6A5F7ABE1B}.Debug|Any CPU.Build.0 = Debug|Any CPU
		{A8521B3D-F590-499D-BE4B-AA6A5F7ABE1B}.Release|Any CPU.ActiveCfg = Release|Any CPU
		{A8521B3D-F590-499D-BE4B-AA6A5F7ABE1B}.Release|Any CPU.Build.0 = Release|Any CPU
	EndGlobalSection
	GlobalSection(SolutionProperties) = preSolution
		HideSolutionNode = FALSE
	EndGlobalSection
	GlobalSection(ExtensibilityGlobals) = postSolution
		SolutionGuid = {4E49A701-C9F1-4D2D-A8E9-4F551A3407E5}
	EndGlobalSection
EndGlobal
